
Microsoft Visual Studio Solution File, Format Version 12.00
# Visual Studio Version 17
VisualStudioVersion = 17.5.33627.172
MinimumVisualStudioVersion = 10.0.40219.1
Project("{FAE04EC0-301F-11D3-BF4B-00C04F79EFBC}") = "Civilization", "Civilization.csproj", "{BFCF1E91-2592-43B0-8F5E-3090ED2A680D}"
EndProject
Global
	GlobalSection(SolutionConfigurationPlatforms) = preSolution
		Debug|Any CPU = Debug|Any CPU
		Release|Any CPU = Release|Any CPU
	EndGlobalSection
	GlobalSection(ProjectConfigurationPlatforms) = postSolution
		{BFCF1E91-2592-43B0-8F5E-3090ED2A680D}.Debug|Any CPU.ActiveCfg = Debug|Any CPU
		{BFCF1E91-2592-43B0-8F5E-3090ED2A680D}.Debug|Any CPU.Build.0 = Debug|Any CPU
		{BFCF1E91-2592-43B0-8F5E-3090ED2A680D}.Release|Any CPU.ActiveCfg = Release|Any CPU
		{BFCF1E91-2592-43B0-8F5E-3090ED2A680D}.Release|Any CPU.Build.0 = Release|Any CPU
	EndGlobalSection
	GlobalSection(SolutionProperties) = preSolution
		HideSolutionNode = FALSE
	EndGlobalSection
	GlobalSection(ExtensibilityGlobals) = postSolution
		SolutionGuid = {24A2CBA0-922F-40D8-A105-E71279652A33}
	EndGlobalSection
EndGlobal
